# This file is automatically @generated by Cargo.
# It is not intended for manual editing.
version = 3

[[package]]
name = "ansi_colours"
version = "1.1.1"
source = "registry+https://github.com/rust-lang/crates.io-index"
checksum = "32678233b67f9056b0c144b39d46dc3218637e8d84ad6038ded339e08b19620d"
dependencies = [
 "rgb",
]

[[package]]
name = "bytemuck"
version = "1.7.3"
source = "registry+https://github.com/rust-lang/crates.io-index"
checksum = "439989e6b8c38d1b6570a384ef1e49c8848128f5a97f3914baef02920842712f"

[[package]]
name = "rgb"
version = "0.8.31"
source = "registry+https://github.com/rust-lang/crates.io-index"
checksum = "9a374af9a0e5fdcdd98c1c7b64f05004f9ea2555b6c75f211daa81268a3c50f1"
dependencies = [
 "bytemuck",
]

[[package]]
name = "rgb2a_lscolors"
version = "0.1.0"
dependencies = [
 "ansi_colours",
 "rgb2ansi256",
]

[[package]]
name = "rgb2ansi256"
version = "0.1.1"
source = "registry+https://github.com/rust-lang/crates.io-index"
checksum = "1ebca96b1c05912d531790498048bab5b7b97a756a7bb9df71fa4ef7ef9814e1"
